
Microsoft Visual Studio Solution File, Format Version 12.00
Project("{FAE04EC0-301F-11D3-BF4B-00C04F79EFBC}") = "moonworks_test", "moonworks_test\moonworks_test.csproj", "{64CE06DD-5DEE-4D2E-887A-50B2B5818CFC}"
EndProject
Project("{FAE04EC0-301F-11D3-BF4B-00C04F79EFBC}") = "MoonWorks", "MoonWorks\MoonWorks.csproj", "{BCB10E11-39AE-4803-B3E2-428D778B96CC}"
EndProject
Global
	GlobalSection(SolutionConfigurationPlatforms) = preSolution
		Debug|Any CPU = Debug|Any CPU
		Release|Any CPU = Release|Any CPU
	EndGlobalSection
	GlobalSection(ProjectConfigurationPlatforms) = postSolution
		{64CE06DD-5DEE-4D2E-887A-50B2B5818CFC}.Debug|Any CPU.ActiveCfg = Debug|Any CPU
		{64CE06DD-5DEE-4D2E-887A-50B2B5818CFC}.Debug|Any CPU.Build.0 = Debug|Any CPU
		{64CE06DD-5DEE-4D2E-887A-50B2B5818CFC}.Release|Any CPU.ActiveCfg = Release|Any CPU
		{64CE06DD-5DEE-4D2E-887A-50B2B5818CFC}.Release|Any CPU.Build.0 = Release|Any CPU
		{BCB10E11-39AE-4803-B3E2-428D778B96CC}.Debug|Any CPU.ActiveCfg = Debug|Any CPU
		{BCB10E11-39AE-4803-B3E2-428D778B96CC}.Debug|Any CPU.Build.0 = Debug|Any CPU
		{BCB10E11-39AE-4803-B3E2-428D778B96CC}.Release|Any CPU.ActiveCfg = Release|Any CPU
		{BCB10E11-39AE-4803-B3E2-428D778B96CC}.Release|Any CPU.Build.0 = Release|Any CPU
	EndGlobalSection
EndGlobal
